
Microsoft Visual Studio Solution File, Format Version 12.00
Project("{FAE04EC0-301F-11D3-BF4B-00C04F79EFBC}") = "CsharpTheFirstOne", "CsharpTheFirstOne\CsharpTheFirstOne.csproj", "{209D6B05-8406-4B3B-AE5E-553FBA4C39DA}"
EndProject
Global
	GlobalSection(SolutionConfigurationPlatforms) = preSolution
		Debug|Any CPU = Debug|Any CPU
		Release|Any CPU = Release|Any CPU
	EndGlobalSection
	GlobalSection(ProjectConfigurationPlatforms) = postSolution
		{209D6B05-8406-4B3B-AE5E-553FBA4C39DA}.Debug|Any CPU.ActiveCfg = Debug|Any CPU
		{209D6B05-8406-4B3B-AE5E-553FBA4C39DA}.Debug|Any CPU.Build.0 = Debug|Any CPU
		{209D6B05-8406-4B3B-AE5E-553FBA4C39DA}.Release|Any CPU.ActiveCfg = Release|Any CPU
		{209D6B05-8406-4B3B-AE5E-553FBA4C39DA}.Release|Any CPU.Build.0 = Release|Any CPU
	EndGlobalSection
EndGlobal
